
Microsoft Visual Studio Solution File, Format Version 12.00
# Visual Studio 15
VisualStudioVersion = 15.0.26403.3
MinimumVisualStudioVersion = 10.0.40219.1
Project("{FAE04EC0-301F-11D3-BF4B-00C04F79EFBC}") = "Puzzle_Barbarian_Invasion", "Puzzle_Barbarian_Invasion\Puzzle_Barbarian_Invasion.csproj", "{3977D794-09F4-461A-B272-3E0AE26D710C}"
EndProject
Global
	GlobalSection(SolutionConfigurationPlatforms) = preSolution
		Debug|x86 = Debug|x86
		Release|x86 = Release|x86
	EndGlobalSection
	GlobalSection(ProjectConfigurationPlatforms) = postSolution
		{3977D794-09F4-461A-B272-3E0AE26D710C}.Debug|x86.ActiveCfg = Debug|x86
		{3977D794-09F4-461A-B272-3E0AE26D710C}.Debug|x86.Build.0 = Debug|x86
		{3977D794-09F4-461A-B272-3E0AE26D710C}.Release|x86.ActiveCfg = Release|x86
		{3977D794-09F4-461A-B272-3E0AE26D710C}.Release|x86.Build.0 = Release|x86
	EndGlobalSection
	GlobalSection(SolutionProperties) = preSolution
		HideSolutionNode = FALSE
	EndGlobalSection
EndGlobal
